
Microsoft Visual Studio Solution File, Format Version 11.00
# Visual Studio 2010
Project("{8BC9CEB8-8B4A-11D0-8D11-00A0C91BC942}") = "Baum-Physik", "TreeHugger\Baum-Physik.vcxproj", "{74E603B3-5540-4C10-B82B-9AED25CD2EEC}"
EndProject
Global
	GlobalSection(SolutionConfigurationPlatforms) = preSolution
		Debug|Win32 = Debug|Win32
		Release|Win32 = Release|Win32
	EndGlobalSection
	GlobalSection(ProjectConfigurationPlatforms) = postSolution
		{74E603B3-5540-4C10-B82B-9AED25CD2EEC}.Debug|Win32.ActiveCfg = Debug|Win32
		{74E603B3-5540-4C10-B82B-9AED25CD2EEC}.Debug|Win32.Build.0 = Debug|Win32
		{74E603B3-5540-4C10-B82B-9AED25CD2EEC}.Release|Win32.ActiveCfg = Release|Win32
		{74E603B3-5540-4C10-B82B-9AED25CD2EEC}.Release|Win32.Build.0 = Release|Win32
	EndGlobalSection
	GlobalSection(SolutionProperties) = preSolution
		HideSolutionNode = FALSE
	EndGlobalSection
EndGlobal
